
Microsoft Visual Studio Solution File, Format Version 12.00
# Visual Studio 15
VisualStudioVersion = 15.0.28307.168
MinimumVisualStudioVersion = 10.0.40219.1
Project("{FAE04EC0-301F-11D3-BF4B-00C04F79EFBC}") = "job_dut", "job_dut\job_dut.csproj", "{C725BCFD-29AC-48C2-9C1A-B12AD6AE81BB}"
EndProject
Global
	GlobalSection(SolutionConfigurationPlatforms) = preSolution
		Debug|Any CPU = Debug|Any CPU
		Release|Any CPU = Release|Any CPU
	EndGlobalSection
	GlobalSection(ProjectConfigurationPlatforms) = postSolution
		{C725BCFD-29AC-48C2-9C1A-B12AD6AE81BB}.Debug|Any CPU.ActiveCfg = Debug|Any CPU
		{C725BCFD-29AC-48C2-9C1A-B12AD6AE81BB}.Debug|Any CPU.Build.0 = Debug|Any CPU
		{C725BCFD-29AC-48C2-9C1A-B12AD6AE81BB}.Release|Any CPU.ActiveCfg = Release|Any CPU
		{C725BCFD-29AC-48C2-9C1A-B12AD6AE81BB}.Release|Any CPU.Build.0 = Release|Any CPU
	EndGlobalSection
	GlobalSection(SolutionProperties) = preSolution
		HideSolutionNode = FALSE
	EndGlobalSection
	GlobalSection(ExtensibilityGlobals) = postSolution
		SolutionGuid = {8314B4C2-C247-4B26-9385-D811EF453BDA}
	EndGlobalSection
EndGlobal
